
Microsoft Visual Studio Solution File, Format Version 12.00
# Visual Studio 14
VisualStudioVersion = 14.0.25420.1
MinimumVisualStudioVersion = 10.0.40219.1
Project("{FAE04EC0-301F-11D3-BF4B-00C04F79EFBC}") = "Form Builder", "Form Builder\Form Builder.csproj", "{7A19F811-DDB6-4A5C-9E2C-291119C1353D}"
EndProject
Global
	GlobalSection(SolutionConfigurationPlatforms) = preSolution
		Debug|Any CPU = Debug|Any CPU
		Release|Any CPU = Release|Any CPU
	EndGlobalSection
	GlobalSection(ProjectConfigurationPlatforms) = postSolution
		{7A19F811-DDB6-4A5C-9E2C-291119C1353D}.Debug|Any CPU.ActiveCfg = Debug|Any CPU
		{7A19F811-DDB6-4A5C-9E2C-291119C1353D}.Debug|Any CPU.Build.0 = Debug|Any CPU
		{7A19F811-DDB6-4A5C-9E2C-291119C1353D}.Release|Any CPU.ActiveCfg = Release|Any CPU
		{7A19F811-DDB6-4A5C-9E2C-291119C1353D}.Release|Any CPU.Build.0 = Release|Any CPU
	EndGlobalSection
	GlobalSection(SolutionProperties) = preSolution
		HideSolutionNode = FALSE
	EndGlobalSection
EndGlobal
